
Microsoft Visual Studio Solution File, Format Version 12.00
# Visual Studio Version 17
VisualStudioVersion = 17.10.35004.147
MinimumVisualStudioVersion = 10.0.40219.1
Project("{9A19103F-16F7-4668-BE54-9A1E7A4F7556}") = "NetLua", "NetLua\NetLua.csproj", "{6B52EB11-E6A7-4771-94B0-7F87EA28211D}"
EndProject
Project("{9A19103F-16F7-4668-BE54-9A1E7A4F7556}") = "LuaUnits", "LuaUnits\LuaUnits.csproj", "{33B033CA-6AD2-4603-B3D7-0C2718C0D14E}"
EndProject
Project("{FAE04EC0-301F-11D3-BF4B-00C04F79EFBC}") = "NetLua.Interop", "NetLua.Interop\NetLua.Interop.csproj", "{A2FB0605-582F-4A2B-8536-8286B953818E}"
EndProject
Global
	GlobalSection(SolutionConfigurationPlatforms) = preSolution
		Debug|Any CPU = Debug|Any CPU
		Debug|Mixed Platforms = Debug|Mixed Platforms
		Debug|x86 = Debug|x86
		Release|Any CPU = Release|Any CPU
		Release|Mixed Platforms = Release|Mixed Platforms
		Release|x86 = Release|x86
	EndGlobalSection
	GlobalSection(ProjectConfigurationPlatforms) = postSolution
		{6B52EB11-E6A7-4771-94B0-7F87EA28211D}.Debug|Any CPU.ActiveCfg = Debug|Any CPU
		{6B52EB11-E6A7-4771-94B0-7F87EA28211D}.Debug|Any CPU.Build.0 = Debug|Any CPU
		{6B52EB11-E6A7-4771-94B0-7F87EA28211D}.Debug|Mixed Platforms.ActiveCfg = Debug|Any CPU
		{6B52EB11-E6A7-4771-94B0-7F87EA28211D}.Debug|Mixed Platforms.Build.0 = Debug|Any CPU
		{6B52EB11-E6A7-4771-94B0-7F87EA28211D}.Debug|x86.ActiveCfg = Debug|Any CPU
		{6B52EB11-E6A7-4771-94B0-7F87EA28211D}.Release|Any CPU.ActiveCfg = Release|Any CPU
		{6B52EB11-E6A7-4771-94B0-7F87EA28211D}.Release|Any CPU.Build.0 = Release|Any CPU
		{6B52EB11-E6A7-4771-94B0-7F87EA28211D}.Release|Mixed Platforms.ActiveCfg = Release|Any CPU
		{6B52EB11-E6A7-4771-94B0-7F87EA28211D}.Release|Mixed Platforms.Build.0 = Release|Any CPU
		{6B52EB11-E6A7-4771-94B0-7F87EA28211D}.Release|x86.ActiveCfg = Release|Any CPU
		{33B033CA-6AD2-4603-B3D7-0C2718C0D14E}.Debug|Any CPU.ActiveCfg = Debug|Any CPU
		{33B033CA-6AD2-4603-B3D7-0C2718C0D14E}.Debug|Any CPU.Build.0 = Debug|Any CPU
		{33B033CA-6AD2-4603-B3D7-0C2718C0D14E}.Debug|Mixed Platforms.ActiveCfg = Debug|Any CPU
		{33B033CA-6AD2-4603-B3D7-0C2718C0D14E}.Debug|Mixed Platforms.Build.0 = Debug|Any CPU
		{33B033CA-6AD2-4603-B3D7-0C2718C0D14E}.Debug|x86.ActiveCfg = Debug|Any CPU
		{33B033CA-6AD2-4603-B3D7-0C2718C0D14E}.Debug|x86.Build.0 = Debug|Any CPU
		{33B033CA-6AD2-4603-B3D7-0C2718C0D14E}.Release|Any CPU.ActiveCfg = Release|Any CPU
		{33B033CA-6AD2-4603-B3D7-0C2718C0D14E}.Release|Any CPU.Build.0 = Release|Any CPU
		{33B033CA-6AD2-4603-B3D7-0C2718C0D14E}.Release|Mixed Platforms.ActiveCfg = Release|Any CPU
		{33B033CA-6AD2-4603-B3D7-0C2718C0D14E}.Release|Mixed Platforms.Build.0 = Release|Any CPU
		{33B033CA-6AD2-4603-B3D7-0C2718C0D14E}.Release|x86.ActiveCfg = Release|Any CPU
		{33B033CA-6AD2-4603-B3D7-0C2718C0D14E}.Release|x86.Build.0 = Release|Any CPU
		{A2FB0605-582F-4A2B-8536-8286B953818E}.Debug|Any CPU.ActiveCfg = Debug|Any CPU
		{A2FB0605-582F-4A2B-8536-8286B953818E}.Debug|Any CPU.Build.0 = Debug|Any CPU
		{A2FB0605-582F-4A2B-8536-8286B953818E}.Debug|Mixed Platforms.ActiveCfg = Debug|Any CPU
		{A2FB0605-582F-4A2B-8536-8286B953818E}.Debug|Mixed Platforms.Build.0 = Debug|Any CPU
		{A2FB0605-582F-4A2B-8536-8286B953818E}.Debug|x86.ActiveCfg = Debug|Any CPU
		{A2FB0605-582F-4A2B-8536-8286B953818E}.Debug|x86.Build.0 = Debug|Any CPU
		{A2FB0605-582F-4A2B-8536-8286B953818E}.Release|Any CPU.ActiveCfg = Release|Any CPU
		{A2FB0605-582F-4A2B-8536-8286B953818E}.Release|Any CPU.Build.0 = Release|Any CPU
		{A2FB0605-582F-4A2B-8536-8286B953818E}.Release|Mixed Platforms.ActiveCfg = Release|Any CPU
		{A2FB0605-582F-4A2B-8536-8286B953818E}.Release|Mixed Platforms.Build.0 = Release|Any CPU
		{A2FB0605-582F-4A2B-8536-8286B953818E}.Release|x86.ActiveCfg = Release|Any CPU
		{A2FB0605-582F-4A2B-8536-8286B953818E}.Release|x86.Build.0 = Release|Any CPU
	EndGlobalSection
	GlobalSection(SolutionProperties) = preSolution
		HideSolutionNode = FALSE
	EndGlobalSection
	GlobalSection(ExtensibilityGlobals) = postSolution
		SolutionGuid = {BFBD1B41-C037-4A22-99A9-EC3BD31F9BD6}
	EndGlobalSection
EndGlobal
